
Microsoft Visual Studio Solution File, Format Version 12.00
# Visual Studio Version 17
VisualStudioVersion = 17.14.36414.22 d17.14
MinimumVisualStudioVersion = 10.0.40219.1
Project("{FAE04EC0-301F-11D3-BF4B-00C04F79EFBC}") = "Adventure", "Adventure.csproj", "{B4F366EC-C3B3-4EC6-A823-DA1D950BF830}"
EndProject
Global
	GlobalSection(SolutionConfigurationPlatforms) = preSolution
		Debug|Any CPU = Debug|Any CPU
		Release|Any CPU = Release|Any CPU
	EndGlobalSection
	GlobalSection(ProjectConfigurationPlatforms) = postSolution
		{B4F366EC-C3B3-4EC6-A823-DA1D950BF830}.Debug|Any CPU.ActiveCfg = Debug|Any CPU
		{B4F366EC-C3B3-4EC6-A823-DA1D950BF830}.Debug|Any CPU.Build.0 = Debug|Any CPU
		{B4F366EC-C3B3-4EC6-A823-DA1D950BF830}.Release|Any CPU.ActiveCfg = Release|Any CPU
		{B4F366EC-C3B3-4EC6-A823-DA1D950BF830}.Release|Any CPU.Build.0 = Release|Any CPU
	EndGlobalSection
	GlobalSection(SolutionProperties) = preSolution
		HideSolutionNode = FALSE
	EndGlobalSection
	GlobalSection(ExtensibilityGlobals) = postSolution
		SolutionGuid = {9892BB5A-DC48-4C19-A7B9-ADD9B27A0A6C}
	EndGlobalSection
EndGlobal
